
Microsoft Visual Studio Solution File, Format Version 12.00
# Visual Studio Version 17
VisualStudioVersion = 17.0.31903.59
MinimumVisualStudioVersion = 10.0.40219.1
Project("{2150E333-8FDC-42A3-9474-1A3956D46DE8}") = "src", "src", "{02EA681E-C7D8-13C7-8484-4AC65E1B71E8}"
EndProject
Project("{FAE04EC0-301F-11D3-BF4B-00C04F79EFBC}") = "AgendaSerial3.Domain", "src\AgendaSerial3.Domain\AgendaSerial3.Domain.csproj", "{280E498E-DB50-4547-8941-36EBD289755E}"
EndProject
Project("{FAE04EC0-301F-11D3-BF4B-00C04F79EFBC}") = "AgendaSerial3.Application", "src\AgendaSerial3.Application\AgendaSerial3.Application.csproj", "{B4D2F8B5-59DD-4390-A475-19DC81E6D794}"
EndProject
Project("{FAE04EC0-301F-11D3-BF4B-00C04F79EFBC}") = "AgendaSerial3.Infrastructure", "src\AgendaSerial3.Infrastructure\AgendaSerial3.Infrastructure.csproj", "{D644CF23-0F38-4687-AEED-33474C5DE939}"
EndProject
Project("{FAE04EC0-301F-11D3-BF4B-00C04F79EFBC}") = "AgendaSerial3.WebAPI", "src\AgendaSerial3.WebAPI\AgendaSerial3.WebAPI.csproj", "{F93A3593-FCB7-4108-8935-35A77DB64FAD}"
EndProject
Project("{FAE04EC0-301F-11D3-BF4B-00C04F79EFBC}") = "AgendaSerial3.BlazorWasm", "src\AgendaSerial3.BlazorWasm\AgendaSerial3.BlazorWasm.csproj", "{B551418C-A4BD-842A-3486-4B517305A80B}"
EndProject
Global
	GlobalSection(SolutionConfigurationPlatforms) = preSolution
		Debug|Any CPU = Debug|Any CPU
		Debug|x64 = Debug|x64
		Debug|x86 = Debug|x86
		Release|Any CPU = Release|Any CPU
		Release|x64 = Release|x64
		Release|x86 = Release|x86
	EndGlobalSection
	GlobalSection(ProjectConfigurationPlatforms) = postSolution
		{280E498E-DB50-4547-8941-36EBD289755E}.Debug|Any CPU.ActiveCfg = Debug|Any CPU
		{280E498E-DB50-4547-8941-36EBD289755E}.Debug|Any CPU.Build.0 = Debug|Any CPU
		{280E498E-DB50-4547-8941-36EBD289755E}.Debug|x64.ActiveCfg = Debug|Any CPU
		{280E498E-DB50-4547-8941-36EBD289755E}.Debug|x64.Build.0 = Debug|Any CPU
		{280E498E-DB50-4547-8941-36EBD289755E}.Debug|x86.ActiveCfg = Debug|Any CPU
		{280E498E-DB50-4547-8941-36EBD289755E}.Debug|x86.Build.0 = Debug|Any CPU
		{280E498E-DB50-4547-8941-36EBD289755E}.Release|Any CPU.ActiveCfg = Release|Any CPU
		{280E498E-DB50-4547-8941-36EBD289755E}.Release|Any CPU.Build.0 = Release|Any CPU
		{280E498E-DB50-4547-8941-36EBD289755E}.Release|x64.ActiveCfg = Release|Any CPU
		{280E498E-DB50-4547-8941-36EBD289755E}.Release|x64.Build.0 = Release|Any CPU
		{280E498E-DB50-4547-8941-36EBD289755E}.Release|x86.ActiveCfg = Release|Any CPU
		{280E498E-DB50-4547-8941-36EBD289755E}.Release|x86.Build.0 = Release|Any CPU
		{B4D2F8B5-59DD-4390-A475-19DC81E6D794}.Debug|Any CPU.ActiveCfg = Debug|Any CPU
		{B4D2F8B5-59DD-4390-A475-19DC81E6D794}.Debug|Any CPU.Build.0 = Debug|Any CPU
		{B4D2F8B5-59DD-4390-A475-19DC81E6D794}.Debug|x64.ActiveCfg = Debug|Any CPU
		{B4D2F8B5-59DD-4390-A475-19DC81E6D794}.Debug|x64.Build.0 = Debug|Any CPU
		{B4D2F8B5-59DD-4390-A475-19DC81E6D794}.Debug|x86.ActiveCfg = Debug|Any CPU
		{B4D2F8B5-59DD-4390-A475-19DC81E6D794}.Debug|x86.Build.0 = Debug|Any CPU
		{B4D2F8B5-59DD-4390-A475-19DC81E6D794}.Release|Any CPU.ActiveCfg = Release|Any CPU
		{B4D2F8B5-59DD-4390-A475-19DC81E6D794}.Release|Any CPU.Build.0 = Release|Any CPU
		{B4D2F8B5-59DD-4390-A475-19DC81E6D794}.Release|x64.ActiveCfg = Release|Any CPU
		{B4D2F8B5-59DD-4390-A475-19DC81E6D794}.Release|x64.Build.0 = Release|Any CPU
		{B4D2F8B5-59DD-4390-A475-19DC81E6D794}.Release|x86.ActiveCfg = Release|Any CPU
		{B4D2F8B5-59DD-4390-A475-19DC81E6D794}.Release|x86.Build.0 = Release|Any CPU
		{D644CF23-0F38-4687-AEED-33474C5DE939}.Debug|Any CPU.ActiveCfg = Debug|Any CPU
		{D644CF23-0F38-4687-AEED-33474C5DE939}.Debug|Any CPU.Build.0 = Debug|Any CPU
		{D644CF23-0F38-4687-AEED-33474C5DE939}.Debug|x64.ActiveCfg = Debug|Any CPU
		{D644CF23-0F38-4687-AEED-33474C5DE939}.Debug|x64.Build.0 = Debug|Any CPU
		{D644CF23-0F38-4687-AEED-33474C5DE939}.Debug|x86.ActiveCfg = Debug|Any CPU
		{D644CF23-0F38-4687-AEED-33474C5DE939}.Debug|x86.Build.0 = Debug|Any CPU
		{D644CF23-0F38-4687-AEED-33474C5DE939}.Release|Any CPU.ActiveCfg = Release|Any CPU
		{D644CF23-0F38-4687-AEED-33474C5DE939}.Release|Any CPU.Build.0 = Release|Any CPU
		{D644CF23-0F38-4687-AEED-33474C5DE939}.Release|x64.ActiveCfg = Release|Any CPU
		{D644CF23-0F38-4687-AEED-33474C5DE939}.Release|x64.Build.0 = Release|Any CPU
		{D644CF23-0F38-4687-AEED-33474C5DE939}.Release|x86.ActiveCfg = Release|Any CPU
		{D644CF23-0F38-4687-AEED-33474C5DE939}.Release|x86.Build.0 = Release|Any CPU
		{F93A3593-FCB7-4108-8935-35A77DB64FAD}.Debug|Any CPU.ActiveCfg = Debug|Any CPU
		{F93A3593-FCB7-4108-8935-35A77DB64FAD}.Debug|Any CPU.Build.0 = Debug|Any CPU
		{F93A3593-FCB7-4108-8935-35A77DB64FAD}.Debug|x64.ActiveCfg = Debug|Any CPU
		{F93A3593-FCB7-4108-8935-35A77DB64FAD}.Debug|x64.Build.0 = Debug|Any CPU
		{F93A3593-FCB7-4108-8935-35A77DB64FAD}.Debug|x86.ActiveCfg = Debug|Any CPU
		{F93A3593-FCB7-4108-8935-35A77DB64FAD}.Debug|x86.Build.0 = Debug|Any CPU
		{F93A3593-FCB7-4108-8935-35A77DB64FAD}.Release|Any CPU.ActiveCfg = Release|Any CPU
		{F93A3593-FCB7-4108-8935-35A77DB64FAD}.Release|Any CPU.Build.0 = Release|Any CPU
		{F93A3593-FCB7-4108-8935-35A77DB64FAD}.Release|x64.ActiveCfg = Release|Any CPU
		{F93A3593-FCB7-4108-8935-35A77DB64FAD}.Release|x64.Build.0 = Release|Any CPU
		{F93A3593-FCB7-4108-8935-35A77DB64FAD}.Release|x86.ActiveCfg = Release|Any CPU
		{F93A3593-FCB7-4108-8935-35A77DB64FAD}.Release|x86.Build.0 = Release|Any CPU
		{B551418C-A4BD-842A-3486-4B517305A80B}.Debug|Any CPU.ActiveCfg = Debug|Any CPU
		{B551418C-A4BD-842A-3486-4B517305A80B}.Debug|Any CPU.Build.0 = Debug|Any CPU
		{B551418C-A4BD-842A-3486-4B517305A80B}.Debug|x64.ActiveCfg = Debug|Any CPU
		{B551418C-A4BD-842A-3486-4B517305A80B}.Debug|x64.Build.0 = Debug|Any CPU
		{B551418C-A4BD-842A-3486-4B517305A80B}.Debug|x86.ActiveCfg = Debug|Any CPU
		{B551418C-A4BD-842A-3486-4B517305A80B}.Debug|x86.Build.0 = Debug|Any CPU
		{B551418C-A4BD-842A-3486-4B517305A80B}.Release|Any CPU.ActiveCfg = Release|Any CPU
		{B551418C-A4BD-842A-3486-4B517305A80B}.Release|Any CPU.Build.0 = Release|Any CPU
		{B551418C-A4BD-842A-3486-4B517305A80B}.Release|x64.ActiveCfg = Release|Any CPU
		{B551418C-A4BD-842A-3486-4B517305A80B}.Release|x64.Build.0 = Release|Any CPU
		{B551418C-A4BD-842A-3486-4B517305A80B}.Release|x86.ActiveCfg = Release|Any CPU
		{B551418C-A4BD-842A-3486-4B517305A80B}.Release|x86.Build.0 = Release|Any CPU
	EndGlobalSection
	GlobalSection(SolutionProperties) = preSolution
		HideSolutionNode = FALSE
	EndGlobalSection
	GlobalSection(NestedProjects) = preSolution
		{280E498E-DB50-4547-8941-36EBD289755E} = {02EA681E-C7D8-13C7-8484-4AC65E1B71E8}
		{B4D2F8B5-59DD-4390-A475-19DC81E6D794} = {02EA681E-C7D8-13C7-8484-4AC65E1B71E8}
		{D644CF23-0F38-4687-AEED-33474C5DE939} = {02EA681E-C7D8-13C7-8484-4AC65E1B71E8}
		{F93A3593-FCB7-4108-8935-35A77DB64FAD} = {02EA681E-C7D8-13C7-8484-4AC65E1B71E8}
		{B551418C-A4BD-842A-3486-4B517305A80B} = {02EA681E-C7D8-13C7-8484-4AC65E1B71E8}
	EndGlobalSection
	GlobalSection(ExtensibilityGlobals) = postSolution
		SolutionGuid = {8672841C-D7C6-43CA-BEFC-06E3E48769FA}
	EndGlobalSection
EndGlobal
